bitbucket.org/HelgeOlav/utils v0.0.0-20230512074710-6c72620c417f h1:n7uP8/UE3apY+Dx1wc5iKU3Wr/2dTGTNtaqBBYxpGBw=
bitbucket.org/HelgeOlav/utils v0.0.0-20230512074710-6c72620c417f/go.mod h1:jkRBnMNfcvCFkLAzx73xCu6VCnod3PuMpK9g1MUVfhA=
bitbucket.org/HelgeOlav/utils v0.0.0-20230721223258-b289d4a9629b h1:WhnQT47HDW1V9T5ic7g8D0dbbuoE59OVJWg2clyUKHs=
bitbucket.org/HelgeOlav/utils v0.0.0-20230721223258-b289d4a9629b/go.mod h1:jkRBnMNfcvCFkLAzx73xCu6VCnod3PuMpK9g1MUVfhA=
